
Microsoft Visual Studio Solution File, Format Version 12.00
# Visual Studio 15
VisualStudioVersion = 15.0.28307.421
MinimumVisualStudioVersion = 10.0.40219.1
Project("{FAE04EC0-301F-11D3-BF4B-00C04F79EFBC}") = "SkeetUI", "SkeetUI\SkeetUI.csproj", "{12B1CB41-9A40-499C-960C-1C1062395A64}"
EndProject
Global
	GlobalSection(SolutionConfigurationPlatforms) = preSolution
		Debug|Any CPU = Debug|Any CPU
		Release|Any CPU = Release|Any CPU
	EndGlobalSection
	GlobalSection(ProjectConfigurationPlatforms) = postSolution
		{12B1CB41-9A40-499C-960C-1C1062395A64}.Debug|Any CPU.ActiveCfg = Debug|Any CPU
		{12B1CB41-9A40-499C-960C-1C1062395A64}.Debug|Any CPU.Build.0 = Debug|Any CPU
		{12B1CB41-9A40-499C-960C-1C1062395A64}.Release|Any CPU.ActiveCfg = Release|Any CPU
		{12B1CB41-9A40-499C-960C-1C1062395A64}.Release|Any CPU.Build.0 = Release|Any CPU
	EndGlobalSection
	GlobalSection(SolutionProperties) = preSolution
		HideSolutionNode = FALSE
	EndGlobalSection
	GlobalSection(ExtensibilityGlobals) = postSolution
		SolutionGuid = {BD32E1A4-6222-4DF1-AA14-81C041183A15}
	EndGlobalSection
EndGlobal
